
Microsoft Visual Studio Solution File, Format Version 12.00
# Visual Studio Version 17
VisualStudioVersion = 17.14.36127.28 d17.14
MinimumVisualStudioVersion = 10.0.40219.1
Project("{FAE04EC0-301F-11D3-BF4B-00C04F79EFBC}") = "GameApp", "GameApp.csproj", "{A30FA7D6-2ACE-4D42-8651-D6DB1798B907}"
EndProject
Global
	GlobalSection(SolutionConfigurationPlatforms) = preSolution
		Debug|Any CPU = Debug|Any CPU
		Release|Any CPU = Release|Any CPU
	EndGlobalSection
	GlobalSection(ProjectConfigurationPlatforms) = postSolution
		{A30FA7D6-2ACE-4D42-8651-D6DB1798B907}.Debug|Any CPU.ActiveCfg = Debug|Any CPU
		{A30FA7D6-2ACE-4D42-8651-D6DB1798B907}.Debug|Any CPU.Build.0 = Debug|Any CPU
		{A30FA7D6-2ACE-4D42-8651-D6DB1798B907}.Release|Any CPU.ActiveCfg = Release|Any CPU
		{A30FA7D6-2ACE-4D42-8651-D6DB1798B907}.Release|Any CPU.Build.0 = Release|Any CPU
	EndGlobalSection
	GlobalSection(SolutionProperties) = preSolution
		HideSolutionNode = FALSE
	EndGlobalSection
	GlobalSection(ExtensibilityGlobals) = postSolution
		SolutionGuid = {38AF12DD-8E31-408D-A17D-DCD701D6222F}
	EndGlobalSection
EndGlobal
